# This file is automatically @generated by Poetry and should not be changed by hand.

[[package]]
name = "orcha"
version = "1.0.0-a2"
description = "System handler and orchestrator of multiple environments"
category = "main"
optional = false
python-versions = "^3.7.2"
files = []
develop = false

[package.extras]
docs = ["Sphinx[docs] (>=4.3.2,<5.0.0)", "sphinx-autodoc-annotation[docs] (>=1.0-1,<2.0)", "sphinx-rtd-theme[docs] (>=1.0.0,<2.0.0)"]

[package.source]
type = "directory"
url = "../.."

[metadata]
lock-version = "2.0"
python-versions = "^3.8"
content-hash = "c3978a1c493a233811bce40280a10297b8dbeff02dd1e92c7d1792c8d97a7bf2"
